
Microsoft Visual Studio Solution File, Format Version 12.00
# Visual Studio Version 17
VisualStudioVersion = 17.0.31903.59
MinimumVisualStudioVersion = 10.0.40219.1
Project("{2150E333-8FDC-42A3-9474-1A3956D46DE8}") = "src", "src", "{2C4695B8-E57F-4804-B7E7-5B34C9401686}"
EndProject
Project("{FAE04EC0-301F-11D3-BF4B-00C04F79EFBC}") = "Cli", "src\Cli\Cli.csproj", "{D634C05A-3F6C-43E4-B7AC-02D73E4878C6}"
EndProject
Project("{FAE04EC0-301F-11D3-BF4B-00C04F79EFBC}") = "Core", "src\Core\Core.csproj", "{D06F059D-8F42-4846-9390-252855A2FD2E}"
EndProject
Global
	GlobalSection(SolutionConfigurationPlatforms) = preSolution
		Debug|Any CPU = Debug|Any CPU
		Release|Any CPU = Release|Any CPU
	EndGlobalSection
	GlobalSection(SolutionProperties) = preSolution
		HideSolutionNode = FALSE
	EndGlobalSection
	GlobalSection(ProjectConfigurationPlatforms) = postSolution
		{D634C05A-3F6C-43E4-B7AC-02D73E4878C6}.Debug|Any CPU.ActiveCfg = Debug|Any CPU
		{D634C05A-3F6C-43E4-B7AC-02D73E4878C6}.Debug|Any CPU.Build.0 = Debug|Any CPU
		{D634C05A-3F6C-43E4-B7AC-02D73E4878C6}.Release|Any CPU.ActiveCfg = Release|Any CPU
		{D634C05A-3F6C-43E4-B7AC-02D73E4878C6}.Release|Any CPU.Build.0 = Release|Any CPU
		{D06F059D-8F42-4846-9390-252855A2FD2E}.Debug|Any CPU.ActiveCfg = Debug|Any CPU
		{D06F059D-8F42-4846-9390-252855A2FD2E}.Debug|Any CPU.Build.0 = Debug|Any CPU
		{D06F059D-8F42-4846-9390-252855A2FD2E}.Release|Any CPU.ActiveCfg = Release|Any CPU
		{D06F059D-8F42-4846-9390-252855A2FD2E}.Release|Any CPU.Build.0 = Release|Any CPU
	EndGlobalSection
	GlobalSection(NestedProjects) = preSolution
		{D634C05A-3F6C-43E4-B7AC-02D73E4878C6} = {2C4695B8-E57F-4804-B7E7-5B34C9401686}
		{D06F059D-8F42-4846-9390-252855A2FD2E} = {2C4695B8-E57F-4804-B7E7-5B34C9401686}
	EndGlobalSection
EndGlobal
